
Microsoft Visual Studio Solution File, Format Version 12.00
# Visual Studio Version 17
VisualStudioVersion = 17.0.32014.148
MinimumVisualStudioVersion = 10.0.40219.1
Project("{FAE04EC0-301F-11D3-BF4B-00C04F79EFBC}") = "Problem33-ProjectEuler", "Problem33-ProjectEuler\Problem33-ProjectEuler.csproj", "{633D847B-A983-49DB-A51C-61C271C5D560}"
EndProject
Global
	GlobalSection(SolutionConfigurationPlatforms) = preSolution
		Debug|Any CPU = Debug|Any CPU
		Release|Any CPU = Release|Any CPU
	EndGlobalSection
	GlobalSection(ProjectConfigurationPlatforms) = postSolution
		{633D847B-A983-49DB-A51C-61C271C5D560}.Debug|Any CPU.ActiveCfg = Debug|Any CPU
		{633D847B-A983-49DB-A51C-61C271C5D560}.Debug|Any CPU.Build.0 = Debug|Any CPU
		{633D847B-A983-49DB-A51C-61C271C5D560}.Release|Any CPU.ActiveCfg = Release|Any CPU
		{633D847B-A983-49DB-A51C-61C271C5D560}.Release|Any CPU.Build.0 = Release|Any CPU
	EndGlobalSection
	GlobalSection(SolutionProperties) = preSolution
		HideSolutionNode = FALSE
	EndGlobalSection
	GlobalSection(ExtensibilityGlobals) = postSolution
		SolutionGuid = {5EA52432-6F88-4CF4-9328-BFF03F0C95B0}
	EndGlobalSection
EndGlobal
